<?xml version="1.0" encoding="utf-8"?>
<Project ToolsVersion="15.0" xmlns="http://schemas.microsoft.com/developer/msbuild/2003">
  <ItemGroup>
    <CustomBuild Include="E:\Repositories\BulletTest\Debug\CMakeFiles\5252488f784805b125cae5f16fa8c1f4\INSTALL_force.rule">
      <Filter>CMake Rules</Filter>
    </CustomBuild>
  </ItemGroup>
  <ItemGroup>
    <Filter Include="CMake Rules">
      <UniqueIdentifier>{1E2356A4-612E-3B02-9F0D-71B90CE71473}</UniqueIdentifier>
    </Filter>
  </ItemGroup>
</Project>
