<?xml version="1.0" encoding="utf-8"?>
<Project ToolsVersion="4.0" xmlns="http://schemas.microsoft.com/developer/msbuild/2003">
  <ItemGroup>
    <Filter Include="Source Files">
      <UniqueIdentifier>{4FC737F1-C7A5-4376-A066-2A32D752A2FF}</UniqueIdentifier>
      <Extensions>cpp;c;cc;cxx;def;odl;idl;hpj;bat;asm;asmx</Extensions>
    </Filter>
    <Filter Include="Header Files">
      <UniqueIdentifier>{93995380-89BD-4b04-88EB-625FBE52EBFB}</UniqueIdentifier>
      <Extensions>h;hh;hpp;hxx;hm;inl;inc;xsd</Extensions>
    </Filter>
    <Filter Include="Resource Files">
      <UniqueIdentifier>{67DA6AB6-F800-4c08-8B7A-83BB121AAD01}</UniqueIdentifier>
      <Extensions>rc;ico;cur;bmp;dlg;rc2;rct;bin;rgs;gif;jpg;jpeg;jpe;resx;tiff;tif;png;wav;mfcribbon-ms</Extensions>
    </Filter>
    <Filter Include="SOIL2">
      <UniqueIdentifier>{78d16ad4-50b4-4933-aeca-e7866353a058}</UniqueIdentifier>
    </Filter>
  </ItemGroup>
  <ItemGroup>
    <ClCompile Include="main.cpp">
      <Filter>Source Files</Filter>
    </ClCompile>
    <ClCompile Include="Shader.cpp">
      <Filter>Source Files</Filter>
    </ClCompile>
    <ClCompile Include="SOIL2\etc1_utils.c">
      <Filter>SOIL2</Filter>
    </ClCompile>
    <ClCompile Include="SOIL2\image_DXT.c">
      <Filter>SOIL2</Filter>
    </ClCompile>
    <ClCompile Include="SOIL2\image_helper.c">
      <Filter>SOIL2</Filter>
    </ClCompile>
    <ClCompile Include="SOIL2\SOIL2.c">
      <Filter>SOIL2</Filter>
    </ClCompile>
    <ClCompile Include="Model.cpp">
      <Filter>Source Files</Filter>
    </ClCompile>
    <ClCompile Include="Player.cpp">
      <Filter>Source Files</Filter>
    </ClCompile>
    <ClCompile Include="WorldTerrain.cpp">
      <Filter>Source Files</Filter>
    </ClCompile>
    <ClCompile Include="ScriptEngine.cpp">
      <Filter>Source Files</Filter>
    </ClCompile>
    <ClCompile Include="ModelManager.cpp">
      <Filter>Source Files</Filter>
    </ClCompile>
    <ClCompile Include="PlayerInput.cpp">
      <Filter>Source Files</Filter>
    </ClCompile>
    <ClCompile Include="GameObject.cpp">
      <Filter>Source Files</Filter>
    </ClCompile>
    <ClCompile Include="GameObject3D.cpp">
      <Filter>Source Files</Filter>
    </ClCompile>
    <ClCompile Include="TextureManager.cpp">
      <Filter>Source Files</Filter>
    </ClCompile>
    <ClCompile Include="CharacterManager.cpp">
      <Filter>Source Files</Filter>
    </ClCompile>
    <ClCompile Include="EnvironmentObjManager.cpp">
      <Filter>Source Files</Filter>
    </ClCompile>
    <ClCompile Include="TerrainManager.cpp">
      <Filter>Source Files</Filter>
    </ClCompile>
    <ClCompile Include="EnvironmentObject.cpp">
      <Filter>Source Files</Filter>
    </ClCompile>
    <ClCompile Include="SceneRender.cpp">
      <Filter>Source Files</Filter>
    </ClCompile>
    <ClCompile Include="Camera.cpp">
      <Filter>Source Files</Filter>
    </ClCompile>
    <ClCompile Include="Mesh.cpp">
      <Filter>Source Files</Filter>
    </ClCompile>
    <ClCompile Include="PhysicsFacade.cpp">
      <Filter>Source Files</Filter>
    </ClCompile>
    <ClCompile Include="GameEngine.cpp">
      <Filter>Source Files</Filter>
    </ClCompile>
    <ClCompile Include="GameWorld.cpp">
      <Filter>Source Files</Filter>
    </ClCompile>
    <ClCompile Include="RawIMGLoader.cpp">
      <Filter>Source Files</Filter>
    </ClCompile>
    <ClCompile Include="Menu.cpp">
      <Filter>Source Files</Filter>
    </ClCompile>
    <ClCompile Include="GameController.cpp">
      <Filter>Source Files</Filter>
    </ClCompile>
    <ClCompile Include="MathLib.cpp">
      <Filter>Source Files</Filter>
    </ClCompile>
    <ClCompile Include="Serialization.cpp">
      <Filter>Source Files</Filter>
    </ClCompile>
  </ItemGroup>
  <ItemGroup>
    <None Include="core.frag" />
    <None Include="core.vs" />
    <None Include="packages.config" />
    <None Include="ClassDiagram.cd" />
  </ItemGroup>
  <ItemGroup>
    <ClInclude Include="Shader.h">
      <Filter>Header Files</Filter>
    </ClInclude>
    <ClInclude Include="SOIL2\etc1_utils.h">
      <Filter>SOIL2</Filter>
    </ClInclude>
    <ClInclude Include="SOIL2\image_DXT.h">
      <Filter>SOIL2</Filter>
    </ClInclude>
    <ClInclude Include="SOIL2\image_helper.h">
      <Filter>SOIL2</Filter>
    </ClInclude>
    <ClInclude Include="SOIL2\jo_jpeg.h">
      <Filter>SOIL2</Filter>
    </ClInclude>
    <ClInclude Include="SOIL2\pkm_helper.h">
      <Filter>SOIL2</Filter>
    </ClInclude>
    <ClInclude Include="SOIL2\pvr_helper.h">
      <Filter>SOIL2</Filter>
    </ClInclude>
    <ClInclude Include="SOIL2\SOIL2.h">
      <Filter>SOIL2</Filter>
    </ClInclude>
    <ClInclude Include="SOIL2\stb_image.h">
      <Filter>SOIL2</Filter>
    </ClInclude>
    <ClInclude Include="SOIL2\stb_image_write.h">
      <Filter>SOIL2</Filter>
    </ClInclude>
    <ClInclude Include="SOIL2\stbi_DDS.h">
      <Filter>SOIL2</Filter>
    </ClInclude>
    <ClInclude Include="SOIL2\stbi_DDS_c.h">
      <Filter>SOIL2</Filter>
    </ClInclude>
    <ClInclude Include="SOIL2\stbi_ext.h">
      <Filter>SOIL2</Filter>
    </ClInclude>
    <ClInclude Include="SOIL2\stbi_ext_c.h">
      <Filter>SOIL2</Filter>
    </ClInclude>
    <ClInclude Include="SOIL2\stbi_pkm.h">
      <Filter>SOIL2</Filter>
    </ClInclude>
    <ClInclude Include="SOIL2\stbi_pkm_c.h">
      <Filter>SOIL2</Filter>
    </ClInclude>
    <ClInclude Include="SOIL2\stbi_pvr.h">
      <Filter>SOIL2</Filter>
    </ClInclude>
    <ClInclude Include="SOIL2\stbi_pvr_c.h">
      <Filter>SOIL2</Filter>
    </ClInclude>
    <ClInclude Include="Camera.h">
      <Filter>Header Files</Filter>
    </ClInclude>
    <ClInclude Include="Model.h">
      <Filter>Header Files</Filter>
    </ClInclude>
    <ClInclude Include="Mesh.h">
      <Filter>Header Files</Filter>
    </ClInclude>
    <ClInclude Include="GameAssetCreator.h">
      <Filter>Header Files</Filter>
    </ClInclude>
    <ClInclude Include="GameAssetFactory.h">
      <Filter>Header Files</Filter>
    </ClInclude>
    <ClInclude Include="Player.h">
      <Filter>Header Files</Filter>
    </ClInclude>
    <ClInclude Include="WorldTerrain.h">
      <Filter>Header Files</Filter>
    </ClInclude>
    <ClInclude Include="ScriptEngine.h">
      <Filter>Header Files</Filter>
    </ClInclude>
    <ClInclude Include="ModelManager.h">
      <Filter>Header Files</Filter>
    </ClInclude>
    <ClInclude Include="PlayerInput.h">
      <Filter>Header Files</Filter>
    </ClInclude>
    <ClInclude Include="GameObject.h">
      <Filter>Header Files</Filter>
    </ClInclude>
    <ClInclude Include="GameObject3D.h">
      <Filter>Header Files</Filter>
    </ClInclude>
    <ClInclude Include="TextureManager.h">
      <Filter>Header Files</Filter>
    </ClInclude>
    <ClInclude Include="CharacterManager.h">
      <Filter>Header Files</Filter>
    </ClInclude>
    <ClInclude Include="EnvironmentObjManager.h">
      <Filter>Header Files</Filter>
    </ClInclude>
    <ClInclude Include="TerrainManager.h">
      <Filter>Header Files</Filter>
    </ClInclude>
    <ClInclude Include="EnvironmentObject.h">
      <Filter>Header Files</Filter>
    </ClInclude>
    <ClInclude Include="SceneRender.h">
      <Filter>Header Files</Filter>
    </ClInclude>
    <ClInclude Include="PhysicsFacade.h">
      <Filter>Header Files</Filter>
    </ClInclude>
    <ClInclude Include="GameEngine.h">
      <Filter>Header Files</Filter>
    </ClInclude>
    <ClInclude Include="GameWorld.h">
      <Filter>Header Files</Filter>
    </ClInclude>
    <ClInclude Include="RawIMGLoader.h">
      <Filter>Header Files</Filter>
    </ClInclude>
    <ClInclude Include="Menu.h">
      <Filter>Header Files</Filter>
    </ClInclude>
    <ClInclude Include="GameController.h">
      <Filter>Header Files</Filter>
    </ClInclude>
    <ClInclude Include="MathLib.h">
      <Filter>Header Files</Filter>
    </ClInclude>
    <ClInclude Include="Serialization.h">
      <Filter>Header Files</Filter>
    </ClInclude>
  </ItemGroup>
</Project>